
Microsoft Visual Studio Solution File, Format Version 12.00
Project("{FAE04EC0-301F-11D3-BF4B-00C04F79EFBC}") = "DemoProject", "DemoProject\DemoProject.csproj", "{ECD2C844-BCDB-4759-9067-ADC0986268ED}"
EndProject
Project("{FAE04EC0-301F-11D3-BF4B-00C04F79EFBC}") = "DemoWpf", "DemoWpf\DemoWpf.csproj", "{E3F69BB6-0241-40D5-99C4-BC3BF87D0AA6}"
EndProject
Global
	GlobalSection(SolutionConfigurationPlatforms) = preSolution
		Debug|Any CPU = Debug|Any CPU
		Release|Any CPU = Release|Any CPU
	EndGlobalSection
	GlobalSection(ProjectConfigurationPlatforms) = postSolution
		{ECD2C844-BCDB-4759-9067-ADC0986268ED}.Debug|Any CPU.ActiveCfg = Debug|Any CPU
		{ECD2C844-BCDB-4759-9067-ADC0986268ED}.Debug|Any CPU.Build.0 = Debug|Any CPU
		{ECD2C844-BCDB-4759-9067-ADC0986268ED}.Release|Any CPU.ActiveCfg = Release|Any CPU
		{ECD2C844-BCDB-4759-9067-ADC0986268ED}.Release|Any CPU.Build.0 = Release|Any CPU
		{E3F69BB6-0241-40D5-99C4-BC3BF87D0AA6}.Debug|Any CPU.ActiveCfg = Debug|Any CPU
		{E3F69BB6-0241-40D5-99C4-BC3BF87D0AA6}.Debug|Any CPU.Build.0 = Debug|Any CPU
		{E3F69BB6-0241-40D5-99C4-BC3BF87D0AA6}.Release|Any CPU.ActiveCfg = Release|Any CPU
		{E3F69BB6-0241-40D5-99C4-BC3BF87D0AA6}.Release|Any CPU.Build.0 = Release|Any CPU
	EndGlobalSection
EndGlobal
